
Microsoft Visual Studio Solution File, Format Version 12.00
# Visual Studio Version 16
VisualStudioVersion = 16.0.29926.136
MinimumVisualStudioVersion = 10.0.40219.1
Project("{9A19103F-16F7-4668-BE54-9A1E7A4F7556}") = "PostServiceWebApi", "PostServiceWebApi.csproj", "{0A3968C9-98E1-462F-A002-58DE8B4CC085}"
EndProject
Project("{2150E333-8FDC-42A3-9474-1A3956D46DE8}") = "Tests", "Tests", "{26533F81-6A81-4010-BC84-EC83ED60DFFA}"
EndProject
Project("{9A19103F-16F7-4668-BE54-9A1E7A4F7556}") = "PochtaTestClient", "..\..\PochtaTestClient\PochtaTestClient.csproj", "{C91E6605-8B1D-483D-BA2E-5FD29254B53B}"
EndProject
Project("{9A19103F-16F7-4668-BE54-9A1E7A4F7556}") = "CommonInfrastructure", "..\..\CommonInfrastructure\CommonInfrastructure.csproj", "{6E94FB25-03F2-4E79-AE64-205CC8D56D83}"
EndProject
Project("{9A19103F-16F7-4668-BE54-9A1E7A4F7556}") = "PochtaApiClient", "..\..\PochtaApiClient\PochtaApiClient.csproj", "{9DD2D320-27CB-4943-A391-AFAF07D322DA}"
EndProject
Global
	GlobalSection(SolutionConfigurationPlatforms) = preSolution
		Debug|Any CPU = Debug|Any CPU
		Release|Any CPU = Release|Any CPU
	EndGlobalSection
	GlobalSection(ProjectConfigurationPlatforms) = postSolution
		{0A3968C9-98E1-462F-A002-58DE8B4CC085}.Debug|Any CPU.ActiveCfg = Debug|Any CPU
		{0A3968C9-98E1-462F-A002-58DE8B4CC085}.Debug|Any CPU.Build.0 = Debug|Any CPU
		{0A3968C9-98E1-462F-A002-58DE8B4CC085}.Release|Any CPU.ActiveCfg = Release|Any CPU
		{0A3968C9-98E1-462F-A002-58DE8B4CC085}.Release|Any CPU.Build.0 = Release|Any CPU
		{C91E6605-8B1D-483D-BA2E-5FD29254B53B}.Debug|Any CPU.ActiveCfg = Debug|Any CPU
		{C91E6605-8B1D-483D-BA2E-5FD29254B53B}.Debug|Any CPU.Build.0 = Debug|Any CPU
		{C91E6605-8B1D-483D-BA2E-5FD29254B53B}.Release|Any CPU.ActiveCfg = Release|Any CPU
		{C91E6605-8B1D-483D-BA2E-5FD29254B53B}.Release|Any CPU.Build.0 = Release|Any CPU
		{6E94FB25-03F2-4E79-AE64-205CC8D56D83}.Debug|Any CPU.ActiveCfg = Debug|Any CPU
		{6E94FB25-03F2-4E79-AE64-205CC8D56D83}.Debug|Any CPU.Build.0 = Debug|Any CPU
		{6E94FB25-03F2-4E79-AE64-205CC8D56D83}.Release|Any CPU.ActiveCfg = Release|Any CPU
		{6E94FB25-03F2-4E79-AE64-205CC8D56D83}.Release|Any CPU.Build.0 = Release|Any CPU
		{9DD2D320-27CB-4943-A391-AFAF07D322DA}.Debug|Any CPU.ActiveCfg = Debug|Any CPU
		{9DD2D320-27CB-4943-A391-AFAF07D322DA}.Debug|Any CPU.Build.0 = Debug|Any CPU
		{9DD2D320-27CB-4943-A391-AFAF07D322DA}.Release|Any CPU.ActiveCfg = Release|Any CPU
		{9DD2D320-27CB-4943-A391-AFAF07D322DA}.Release|Any CPU.Build.0 = Release|Any CPU
	EndGlobalSection
	GlobalSection(SolutionProperties) = preSolution
		HideSolutionNode = FALSE
	EndGlobalSection
	GlobalSection(NestedProjects) = preSolution
		{C91E6605-8B1D-483D-BA2E-5FD29254B53B} = {26533F81-6A81-4010-BC84-EC83ED60DFFA}
	EndGlobalSection
	GlobalSection(ExtensibilityGlobals) = postSolution
		SolutionGuid = {AC3EE8D9-2291-4C12-82C3-5F17FEA6D379}
	EndGlobalSection
EndGlobal
